
Microsoft Visual Studio Solution File, Format Version 12.00
# Visual Studio Version 17
VisualStudioVersion = 17.1.32228.430
MinimumVisualStudioVersion = 10.0.40219.1
Project("{2150E333-8FDC-42A3-9474-1A3956D46DE8}") = "src", "src", "{A6718EE7-5606-426F-8DE9-E23DD903B06E}"
EndProject
Project("{FAE04EC0-301F-11D3-BF4B-00C04F79EFBC}") = "Division2ReconService", "src\Division2ReconService\Division2ReconService.csproj", "{2BD72482-515A-4481-BD70-4FEFB8545FAF}"
EndProject
Global
	GlobalSection(SolutionConfigurationPlatforms) = preSolution
		Debug|Any CPU = Debug|Any CPU
		Release|Any CPU = Release|Any CPU
	EndGlobalSection
	GlobalSection(ProjectConfigurationPlatforms) = postSolution
		{2BD72482-515A-4481-BD70-4FEFB8545FAF}.Debug|Any CPU.ActiveCfg = Debug|Any CPU
		{2BD72482-515A-4481-BD70-4FEFB8545FAF}.Debug|Any CPU.Build.0 = Debug|Any CPU
		{2BD72482-515A-4481-BD70-4FEFB8545FAF}.Release|Any CPU.ActiveCfg = Release|Any CPU
		{2BD72482-515A-4481-BD70-4FEFB8545FAF}.Release|Any CPU.Build.0 = Release|Any CPU
	EndGlobalSection
	GlobalSection(SolutionProperties) = preSolution
		HideSolutionNode = FALSE
	EndGlobalSection
	GlobalSection(NestedProjects) = preSolution
		{2BD72482-515A-4481-BD70-4FEFB8545FAF} = {A6718EE7-5606-426F-8DE9-E23DD903B06E}
	EndGlobalSection
	GlobalSection(ExtensibilityGlobals) = postSolution
		SolutionGuid = {0D96951C-C14D-4B6F-8ABC-A9F4174D9165}
	EndGlobalSection
EndGlobal
